
Microsoft Visual Studio Solution File, Format Version 12.00
# Visual Studio Version 16
VisualStudioVersion = 16.0.33214.272
MinimumVisualStudioVersion = 10.0.40219.1
Project("{8BC9CEB8-8B4A-11D0-8D11-00A0C91BC942}") = "Problem_1_8_4", "Problem_1_8_4\Problem_1_8_4.vcxproj", "{E52198BB-15E0-4A6A-9268-458DD418F5FF}"
EndProject
Project("{8BC9CEB8-8B4A-11D0-8D11-00A0C91BC942}") = "Problem_1_8_8", "Problem_1_8_8\Problem_1_8_8.vcxproj", "{33A4BFAB-8491-4BC5-A078-82AF659A7133}"
EndProject
Project("{8BC9CEB8-8B4A-11D0-8D11-00A0C91BC942}") = "Problem_Macros", "Problem_Macros\Problem_Macros.vcxproj", "{AB400A6C-4B49-4DEA-A175-F2C6B0FB8F52}"
EndProject
Project("{8BC9CEB8-8B4A-11D0-8D11-00A0C91BC942}") = "Problem_1_8_12", "Problem_1_8_12\Problem_1_8_12.vcxproj", "{78BFAE07-B594-45FC-9EB5-FBB431682AD0}"
EndProject
Project("{8BC9CEB8-8B4A-11D0-8D11-00A0C91BC942}") = "Problem_1_8_13", "Problem_1_8_13\Problem_1_8_13.vcxproj", "{F90409A4-B19E-4EA3-8DC1-C5D25FC7FF0A}"
EndProject
Project("{8BC9CEB8-8B4A-11D0-8D11-00A0C91BC942}") = "Problem_2_2_8", "Problem_2_2_8\Problem_2_2_8.vcxproj", "{63251BC5-00F9-4BCA-8977-3BF51108F77E}"
EndProject
Project("{8BC9CEB8-8B4A-11D0-8D11-00A0C91BC942}") = "Problem_2_2_10", "Problem_2_2_10\Problem_2_2_10.vcxproj", "{54D91A5C-6517-4C2D-AF2C-C6FD8F337537}"
EndProject
Project("{8BC9CEB8-8B4A-11D0-8D11-00A0C91BC942}") = "Problem_2_3_9", "Problem_2_3_9\Problem_2_3_9.vcxproj", "{21E0750E-48F3-4655-A418-4CA5F02A79F1}"
EndProject
Project("{8BC9CEB8-8B4A-11D0-8D11-00A0C91BC942}") = "Problem_2_4_6", "Problem_2_4_6\Problem_2_4_6.vcxproj", "{0F305EB8-E42B-49D1-BEF2-0888E0398A6E}"
EndProject
Project("{8BC9CEB8-8B4A-11D0-8D11-00A0C91BC942}") = "Problem_2_4_7", "Problem_2_4_7\Problem_2_4_7.vcxproj", "{553BB629-5625-41D6-8936-5020FCB1914F}"
EndProject
Project("{8BC9CEB8-8B4A-11D0-8D11-00A0C91BC942}") = "Problem_2_4_8", "Problem_2_4_8\Problem_2_4_8.vcxproj", "{404D1BDB-F219-4092-A2F9-2502A4748F48}"
EndProject
Project("{8BC9CEB8-8B4A-11D0-8D11-00A0C91BC942}") = "Problem_2_6_9", "Problem_2_6_9\Problem_2_6_9.vcxproj", "{B6168777-9A0A-458A-99E7-B26F3C5C2E5A}"
EndProject
Project("{8BC9CEB8-8B4A-11D0-8D11-00A0C91BC942}") = "Problem_2_6_10", "Problem_2_6_10\Problem_2_6_10.vcxproj", "{C80CAFD6-9F3C-4C8F-B2D4-2DA7BC1AEF1A}"
EndProject
Project("{8BC9CEB8-8B4A-11D0-8D11-00A0C91BC942}") = "Problem_2_7_9", "Problem_2_7_9\Problem_2_7_9.vcxproj", "{9EFCEE64-8EDA-4419-B810-221D0F22836B}"
EndProject
Project("{8BC9CEB8-8B4A-11D0-8D11-00A0C91BC942}") = "Problem_2_7_10", "Problem_2_7_10\Problem_2_7_10.vcxproj", "{526DF23A-52B6-4075-9ED7-DD9E3A232F29}"
EndProject
Project("{8BC9CEB8-8B4A-11D0-8D11-00A0C91BC942}") = "Problem_3_1_6_B_OOP", "Problem_3_1_6_B_OOP\Problem_3_1_6_B_OOP.vcxproj", "{187604BF-FFDF-4A21-A39A-AB9840D0C2B0}"
EndProject
Project("{8BC9CEB8-8B4A-11D0-8D11-00A0C91BC942}") = "Problem_3_1_7_B_OOP", "Problem_3_1_7_B_OOP\Problem_3_1_7_B_OOP.vcxproj", "{50AFD8BF-138A-47A7-8374-3B59DD0275FC}"
EndProject
Project("{8BC9CEB8-8B4A-11D0-8D11-00A0C91BC942}") = "Problem_3_3_10_B_OOP", "Problem_3_3_10_B_OOP\Problem_3_3_10_B_OOP.vcxproj", "{1AA2C42D-E46A-4821-AFAF-24358C89912E}"
EndProject
Project("{8BC9CEB8-8B4A-11D0-8D11-00A0C91BC942}") = "Problem_3_3_11_B_OOP", "Problem_3_3_11\Problem_3_3_11.vcxproj", "{B034B9C6-3DF9-49DE-9221-CD1B9CBE4B62}"
EndProject
Project("{8BC9CEB8-8B4A-11D0-8D11-00A0C91BC942}") = "Problem_3_3_12_B_OOP", "Problem_3_3_12\Problem_3_3_12.vcxproj", "{76A84FCF-CC0C-4564-A9DF-CC514ED6C2FC}"
EndProject
Project("{8BC9CEB8-8B4A-11D0-8D11-00A0C91BC942}") = "Problem_3_5_7_B_OOP", "Problem_3_5_7_B_OOP\Problem_3_5_7_B_OOP.vcxproj", "{4488AC29-4357-42F4-91C5-CA36372BD81E}"
EndProject
Project("{8BC9CEB8-8B4A-11D0-8D11-00A0C91BC942}") = "Problem_3_1_8_B_OOP", "Problem_3_1_8_B_OOP\Problem_3_1_8_B_OOP.vcxproj", "{FC966FF4-6B1B-41CF-9715-0DF63C3307FE}"
EndProject
Project("{8BC9CEB8-8B4A-11D0-8D11-00A0C91BC942}") = "Problem_3_7_10_B_OOP", "Problem_3_7_10_B_OOP\Problem_3_7_10_B_OOP.vcxproj", "{94C3460F-16D9-4156-A861-901C54A5A8F2}"
EndProject
Project("{8BC9CEB8-8B4A-11D0-8D11-00A0C91BC942}") = "Problem_3_7_11_B_OOP", "Problem_3_7_11_B_OOP\Problem_3_7_11_B_OOP.vcxproj", "{BC9EE3E1-27BC-4CE6-B856-53D373A9BE73}"
EndProject
Global
	GlobalSection(SolutionConfigurationPlatforms) = preSolution
		Debug|x64 = Debug|x64
		Debug|x86 = Debug|x86
		Release|x64 = Release|x64
		Release|x86 = Release|x86
	EndGlobalSection
	GlobalSection(ProjectConfigurationPlatforms) = postSolution
		{E52198BB-15E0-4A6A-9268-458DD418F5FF}.Debug|x64.ActiveCfg = Debug|x64
		{E52198BB-15E0-4A6A-9268-458DD418F5FF}.Debug|x64.Build.0 = Debug|x64
		{E52198BB-15E0-4A6A-9268-458DD418F5FF}.Debug|x86.ActiveCfg = Debug|Win32
		{E52198BB-15E0-4A6A-9268-458DD418F5FF}.Debug|x86.Build.0 = Debug|Win32
		{E52198BB-15E0-4A6A-9268-458DD418F5FF}.Release|x64.ActiveCfg = Release|x64
		{E52198BB-15E0-4A6A-9268-458DD418F5FF}.Release|x64.Build.0 = Release|x64
		{E52198BB-15E0-4A6A-9268-458DD418F5FF}.Release|x86.ActiveCfg = Release|Win32
		{E52198BB-15E0-4A6A-9268-458DD418F5FF}.Release|x86.Build.0 = Release|Win32
		{33A4BFAB-8491-4BC5-A078-82AF659A7133}.Debug|x64.ActiveCfg = Debug|x64
		{33A4BFAB-8491-4BC5-A078-82AF659A7133}.Debug|x64.Build.0 = Debug|x64
		{33A4BFAB-8491-4BC5-A078-82AF659A7133}.Debug|x86.ActiveCfg = Debug|Win32
		{33A4BFAB-8491-4BC5-A078-82AF659A7133}.Debug|x86.Build.0 = Debug|Win32
		{33A4BFAB-8491-4BC5-A078-82AF659A7133}.Release|x64.ActiveCfg = Release|x64
		{33A4BFAB-8491-4BC5-A078-82AF659A7133}.Release|x64.Build.0 = Release|x64
		{33A4BFAB-8491-4BC5-A078-82AF659A7133}.Release|x86.ActiveCfg = Release|Win32
		{33A4BFAB-8491-4BC5-A078-82AF659A7133}.Release|x86.Build.0 = Release|Win32
		{AB400A6C-4B49-4DEA-A175-F2C6B0FB8F52}.Debug|x64.ActiveCfg = Debug|x64
		{AB400A6C-4B49-4DEA-A175-F2C6B0FB8F52}.Debug|x64.Build.0 = Debug|x64
		{AB400A6C-4B49-4DEA-A175-F2C6B0FB8F52}.Debug|x86.ActiveCfg = Debug|Win32
		{AB400A6C-4B49-4DEA-A175-F2C6B0FB8F52}.Debug|x86.Build.0 = Debug|Win32
		{AB400A6C-4B49-4DEA-A175-F2C6B0FB8F52}.Release|x64.ActiveCfg = Release|x64
		{AB400A6C-4B49-4DEA-A175-F2C6B0FB8F52}.Release|x64.Build.0 = Release|x64
		{AB400A6C-4B49-4DEA-A175-F2C6B0FB8F52}.Release|x86.ActiveCfg = Release|Win32
		{AB400A6C-4B49-4DEA-A175-F2C6B0FB8F52}.Release|x86.Build.0 = Release|Win32
		{78BFAE07-B594-45FC-9EB5-FBB431682AD0}.Debug|x64.ActiveCfg = Debug|x64
		{78BFAE07-B594-45FC-9EB5-FBB431682AD0}.Debug|x64.Build.0 = Debug|x64
		{78BFAE07-B594-45FC-9EB5-FBB431682AD0}.Debug|x86.ActiveCfg = Debug|Win32
		{78BFAE07-B594-45FC-9EB5-FBB431682AD0}.Debug|x86.Build.0 = Debug|Win32
		{78BFAE07-B594-45FC-9EB5-FBB431682AD0}.Release|x64.ActiveCfg = Release|x64
		{78BFAE07-B594-45FC-9EB5-FBB431682AD0}.Release|x64.Build.0 = Release|x64
		{78BFAE07-B594-45FC-9EB5-FBB431682AD0}.Release|x86.ActiveCfg = Release|Win32
		{78BFAE07-B594-45FC-9EB5-FBB431682AD0}.Release|x86.Build.0 = Release|Win32
		{F90409A4-B19E-4EA3-8DC1-C5D25FC7FF0A}.Debug|x64.ActiveCfg = Debug|x64
		{F90409A4-B19E-4EA3-8DC1-C5D25FC7FF0A}.Debug|x64.Build.0 = Debug|x64
		{F90409A4-B19E-4EA3-8DC1-C5D25FC7FF0A}.Debug|x86.ActiveCfg = Debug|Win32
		{F90409A4-B19E-4EA3-8DC1-C5D25FC7FF0A}.Debug|x86.Build.0 = Debug|Win32
		{F90409A4-B19E-4EA3-8DC1-C5D25FC7FF0A}.Release|x64.ActiveCfg = Release|x64
		{F90409A4-B19E-4EA3-8DC1-C5D25FC7FF0A}.Release|x64.Build.0 = Release|x64
		{F90409A4-B19E-4EA3-8DC1-C5D25FC7FF0A}.Release|x86.ActiveCfg = Release|Win32
		{F90409A4-B19E-4EA3-8DC1-C5D25FC7FF0A}.Release|x86.Build.0 = Release|Win32
		{63251BC5-00F9-4BCA-8977-3BF51108F77E}.Debug|x64.ActiveCfg = Debug|x64
		{63251BC5-00F9-4BCA-8977-3BF51108F77E}.Debug|x64.Build.0 = Debug|x64
		{63251BC5-00F9-4BCA-8977-3BF51108F77E}.Debug|x86.ActiveCfg = Debug|Win32
		{63251BC5-00F9-4BCA-8977-3BF51108F77E}.Debug|x86.Build.0 = Debug|Win32
		{63251BC5-00F9-4BCA-8977-3BF51108F77E}.Release|x64.ActiveCfg = Release|x64
		{63251BC5-00F9-4BCA-8977-3BF51108F77E}.Release|x64.Build.0 = Release|x64
		{63251BC5-00F9-4BCA-8977-3BF51108F77E}.Release|x86.ActiveCfg = Release|Win32
		{63251BC5-00F9-4BCA-8977-3BF51108F77E}.Release|x86.Build.0 = Release|Win32
		{54D91A5C-6517-4C2D-AF2C-C6FD8F337537}.Debug|x64.ActiveCfg = Debug|x64
		{54D91A5C-6517-4C2D-AF2C-C6FD8F337537}.Debug|x64.Build.0 = Debug|x64
		{54D91A5C-6517-4C2D-AF2C-C6FD8F337537}.Debug|x86.ActiveCfg = Debug|Win32
		{54D91A5C-6517-4C2D-AF2C-C6FD8F337537}.Debug|x86.Build.0 = Debug|Win32
		{54D91A5C-6517-4C2D-AF2C-C6FD8F337537}.Release|x64.ActiveCfg = Release|x64
		{54D91A5C-6517-4C2D-AF2C-C6FD8F337537}.Release|x64.Build.0 = Release|x64
		{54D91A5C-6517-4C2D-AF2C-C6FD8F337537}.Release|x86.ActiveCfg = Release|Win32
		{54D91A5C-6517-4C2D-AF2C-C6FD8F337537}.Release|x86.Build.0 = Release|Win32
		{21E0750E-48F3-4655-A418-4CA5F02A79F1}.Debug|x64.ActiveCfg = Debug|x64
		{21E0750E-48F3-4655-A418-4CA5F02A79F1}.Debug|x64.Build.0 = Debug|x64
		{21E0750E-48F3-4655-A418-4CA5F02A79F1}.Debug|x86.ActiveCfg = Debug|Win32
		{21E0750E-48F3-4655-A418-4CA5F02A79F1}.Debug|x86.Build.0 = Debug|Win32
		{21E0750E-48F3-4655-A418-4CA5F02A79F1}.Release|x64.ActiveCfg = Release|x64
		{21E0750E-48F3-4655-A418-4CA5F02A79F1}.Release|x64.Build.0 = Release|x64
		{21E0750E-48F3-4655-A418-4CA5F02A79F1}.Release|x86.ActiveCfg = Release|Win32
		{21E0750E-48F3-4655-A418-4CA5F02A79F1}.Release|x86.Build.0 = Release|Win32
		{0F305EB8-E42B-49D1-BEF2-0888E0398A6E}.Debug|x64.ActiveCfg = Debug|x64
		{0F305EB8-E42B-49D1-BEF2-0888E0398A6E}.Debug|x64.Build.0 = Debug|x64
		{0F305EB8-E42B-49D1-BEF2-0888E0398A6E}.Debug|x86.ActiveCfg = Debug|Win32
		{0F305EB8-E42B-49D1-BEF2-0888E0398A6E}.Debug|x86.Build.0 = Debug|Win32
		{0F305EB8-E42B-49D1-BEF2-0888E0398A6E}.Release|x64.ActiveCfg = Release|x64
		{0F305EB8-E42B-49D1-BEF2-0888E0398A6E}.Release|x64.Build.0 = Release|x64
		{0F305EB8-E42B-49D1-BEF2-0888E0398A6E}.Release|x86.ActiveCfg = Release|Win32
		{0F305EB8-E42B-49D1-BEF2-0888E0398A6E}.Release|x86.Build.0 = Release|Win32
		{553BB629-5625-41D6-8936-5020FCB1914F}.Debug|x64.ActiveCfg = Debug|x64
		{553BB629-5625-41D6-8936-5020FCB1914F}.Debug|x64.Build.0 = Debug|x64
		{553BB629-5625-41D6-8936-5020FCB1914F}.Debug|x86.ActiveCfg = Debug|Win32
		{553BB629-5625-41D6-8936-5020FCB1914F}.Debug|x86.Build.0 = Debug|Win32
		{553BB629-5625-41D6-8936-5020FCB1914F}.Release|x64.ActiveCfg = Release|x64
		{553BB629-5625-41D6-8936-5020FCB1914F}.Release|x64.Build.0 = Release|x64
		{553BB629-5625-41D6-8936-5020FCB1914F}.Release|x86.ActiveCfg = Release|Win32
		{553BB629-5625-41D6-8936-5020FCB1914F}.Release|x86.Build.0 = Release|Win32
		{404D1BDB-F219-4092-A2F9-2502A4748F48}.Debug|x64.ActiveCfg = Debug|x64
		{404D1BDB-F219-4092-A2F9-2502A4748F48}.Debug|x64.Build.0 = Debug|x64
		{404D1BDB-F219-4092-A2F9-2502A4748F48}.Debug|x86.ActiveCfg = Debug|Win32
		{404D1BDB-F219-4092-A2F9-2502A4748F48}.Debug|x86.Build.0 = Debug|Win32
		{404D1BDB-F219-4092-A2F9-2502A4748F48}.Release|x64.ActiveCfg = Release|x64
		{404D1BDB-F219-4092-A2F9-2502A4748F48}.Release|x64.Build.0 = Release|x64
		{404D1BDB-F219-4092-A2F9-2502A4748F48}.Release|x86.ActiveCfg = Release|Win32
		{404D1BDB-F219-4092-A2F9-2502A4748F48}.Release|x86.Build.0 = Release|Win32
		{B6168777-9A0A-458A-99E7-B26F3C5C2E5A}.Debug|x64.ActiveCfg = Debug|x64
		{B6168777-9A0A-458A-99E7-B26F3C5C2E5A}.Debug|x64.Build.0 = Debug|x64
		{B6168777-9A0A-458A-99E7-B26F3C5C2E5A}.Debug|x86.ActiveCfg = Debug|Win32
		{B6168777-9A0A-458A-99E7-B26F3C5C2E5A}.Debug|x86.Build.0 = Debug|Win32
		{B6168777-9A0A-458A-99E7-B26F3C5C2E5A}.Release|x64.ActiveCfg = Release|x64
		{B6168777-9A0A-458A-99E7-B26F3C5C2E5A}.Release|x64.Build.0 = Release|x64
		{B6168777-9A0A-458A-99E7-B26F3C5C2E5A}.Release|x86.ActiveCfg = Release|Win32
		{B6168777-9A0A-458A-99E7-B26F3C5C2E5A}.Release|x86.Build.0 = Release|Win32
		{C80CAFD6-9F3C-4C8F-B2D4-2DA7BC1AEF1A}.Debug|x64.ActiveCfg = Debug|x64
		{C80CAFD6-9F3C-4C8F-B2D4-2DA7BC1AEF1A}.Debug|x64.Build.0 = Debug|x64
		{C80CAFD6-9F3C-4C8F-B2D4-2DA7BC1AEF1A}.Debug|x86.ActiveCfg = Debug|Win32
		{C80CAFD6-9F3C-4C8F-B2D4-2DA7BC1AEF1A}.Debug|x86.Build.0 = Debug|Win32
		{C80CAFD6-9F3C-4C8F-B2D4-2DA7BC1AEF1A}.Release|x64.ActiveCfg = Release|x64
		{C80CAFD6-9F3C-4C8F-B2D4-2DA7BC1AEF1A}.Release|x64.Build.0 = Release|x64
		{C80CAFD6-9F3C-4C8F-B2D4-2DA7BC1AEF1A}.Release|x86.ActiveCfg = Release|Win32
		{C80CAFD6-9F3C-4C8F-B2D4-2DA7BC1AEF1A}.Release|x86.Build.0 = Release|Win32
		{9EFCEE64-8EDA-4419-B810-221D0F22836B}.Debug|x64.ActiveCfg = Debug|x64
		{9EFCEE64-8EDA-4419-B810-221D0F22836B}.Debug|x64.Build.0 = Debug|x64
		{9EFCEE64-8EDA-4419-B810-221D0F22836B}.Debug|x86.ActiveCfg = Debug|Win32
		{9EFCEE64-8EDA-4419-B810-221D0F22836B}.Debug|x86.Build.0 = Debug|Win32
		{9EFCEE64-8EDA-4419-B810-221D0F22836B}.Release|x64.ActiveCfg = Release|x64
		{9EFCEE64-8EDA-4419-B810-221D0F22836B}.Release|x64.Build.0 = Release|x64
		{9EFCEE64-8EDA-4419-B810-221D0F22836B}.Release|x86.ActiveCfg = Release|Win32
		{9EFCEE64-8EDA-4419-B810-221D0F22836B}.Release|x86.Build.0 = Release|Win32
		{526DF23A-52B6-4075-9ED7-DD9E3A232F29}.Debug|x64.ActiveCfg = Debug|x64
		{526DF23A-52B6-4075-9ED7-DD9E3A232F29}.Debug|x64.Build.0 = Debug|x64
		{526DF23A-52B6-4075-9ED7-DD9E3A232F29}.Debug|x86.ActiveCfg = Debug|Win32
		{526DF23A-52B6-4075-9ED7-DD9E3A232F29}.Debug|x86.Build.0 = Debug|Win32
		{526DF23A-52B6-4075-9ED7-DD9E3A232F29}.Release|x64.ActiveCfg = Release|x64
		{526DF23A-52B6-4075-9ED7-DD9E3A232F29}.Release|x64.Build.0 = Release|x64
		{526DF23A-52B6-4075-9ED7-DD9E3A232F29}.Release|x86.ActiveCfg = Release|Win32
		{526DF23A-52B6-4075-9ED7-DD9E3A232F29}.Release|x86.Build.0 = Release|Win32
		{187604BF-FFDF-4A21-A39A-AB9840D0C2B0}.Debug|x64.ActiveCfg = Debug|x64
		{187604BF-FFDF-4A21-A39A-AB9840D0C2B0}.Debug|x64.Build.0 = Debug|x64
		{187604BF-FFDF-4A21-A39A-AB9840D0C2B0}.Debug|x86.ActiveCfg = Debug|Win32
		{187604BF-FFDF-4A21-A39A-AB9840D0C2B0}.Debug|x86.Build.0 = Debug|Win32
		{187604BF-FFDF-4A21-A39A-AB9840D0C2B0}.Release|x64.ActiveCfg = Release|x64
		{187604BF-FFDF-4A21-A39A-AB9840D0C2B0}.Release|x64.Build.0 = Release|x64
		{187604BF-FFDF-4A21-A39A-AB9840D0C2B0}.Release|x86.ActiveCfg = Release|Win32
		{187604BF-FFDF-4A21-A39A-AB9840D0C2B0}.Release|x86.Build.0 = Release|Win32
		{50AFD8BF-138A-47A7-8374-3B59DD0275FC}.Debug|x64.ActiveCfg = Debug|x64
		{50AFD8BF-138A-47A7-8374-3B59DD0275FC}.Debug|x64.Build.0 = Debug|x64
		{50AFD8BF-138A-47A7-8374-3B59DD0275FC}.Debug|x86.ActiveCfg = Debug|Win32
		{50AFD8BF-138A-47A7-8374-3B59DD0275FC}.Debug|x86.Build.0 = Debug|Win32
		{50AFD8BF-138A-47A7-8374-3B59DD0275FC}.Release|x64.ActiveCfg = Release|x64
		{50AFD8BF-138A-47A7-8374-3B59DD0275FC}.Release|x64.Build.0 = Release|x64
		{50AFD8BF-138A-47A7-8374-3B59DD0275FC}.Release|x86.ActiveCfg = Release|Win32
		{50AFD8BF-138A-47A7-8374-3B59DD0275FC}.Release|x86.Build.0 = Release|Win32
		{1AA2C42D-E46A-4821-AFAF-24358C89912E}.Debug|x64.ActiveCfg = Debug|x64
		{1AA2C42D-E46A-4821-AFAF-24358C89912E}.Debug|x64.Build.0 = Debug|x64
		{1AA2C42D-E46A-4821-AFAF-24358C89912E}.Debug|x86.ActiveCfg = Debug|Win32
		{1AA2C42D-E46A-4821-AFAF-24358C89912E}.Debug|x86.Build.0 = Debug|Win32
		{1AA2C42D-E46A-4821-AFAF-24358C89912E}.Release|x64.ActiveCfg = Release|x64
		{1AA2C42D-E46A-4821-AFAF-24358C89912E}.Release|x64.Build.0 = Release|x64
		{1AA2C42D-E46A-4821-AFAF-24358C89912E}.Release|x86.ActiveCfg = Release|Win32
		{1AA2C42D-E46A-4821-AFAF-24358C89912E}.Release|x86.Build.0 = Release|Win32
		{B034B9C6-3DF9-49DE-9221-CD1B9CBE4B62}.Debug|x64.ActiveCfg = Debug|x64
		{B034B9C6-3DF9-49DE-9221-CD1B9CBE4B62}.Debug|x64.Build.0 = Debug|x64
		{B034B9C6-3DF9-49DE-9221-CD1B9CBE4B62}.Debug|x86.ActiveCfg = Debug|Win32
		{B034B9C6-3DF9-49DE-9221-CD1B9CBE4B62}.Debug|x86.Build.0 = Debug|Win32
		{B034B9C6-3DF9-49DE-9221-CD1B9CBE4B62}.Release|x64.ActiveCfg = Release|x64
		{B034B9C6-3DF9-49DE-9221-CD1B9CBE4B62}.Release|x64.Build.0 = Release|x64
		{B034B9C6-3DF9-49DE-9221-CD1B9CBE4B62}.Release|x86.ActiveCfg = Release|Win32
		{B034B9C6-3DF9-49DE-9221-CD1B9CBE4B62}.Release|x86.Build.0 = Release|Win32
		{76A84FCF-CC0C-4564-A9DF-CC514ED6C2FC}.Debug|x64.ActiveCfg = Debug|x64
		{76A84FCF-CC0C-4564-A9DF-CC514ED6C2FC}.Debug|x64.Build.0 = Debug|x64
		{76A84FCF-CC0C-4564-A9DF-CC514ED6C2FC}.Debug|x86.ActiveCfg = Debug|Win32
		{76A84FCF-CC0C-4564-A9DF-CC514ED6C2FC}.Debug|x86.Build.0 = Debug|Win32
		{76A84FCF-CC0C-4564-A9DF-CC514ED6C2FC}.Release|x64.ActiveCfg = Release|x64
		{76A84FCF-CC0C-4564-A9DF-CC514ED6C2FC}.Release|x64.Build.0 = Release|x64
		{76A84FCF-CC0C-4564-A9DF-CC514ED6C2FC}.Release|x86.ActiveCfg = Release|Win32
		{76A84FCF-CC0C-4564-A9DF-CC514ED6C2FC}.Release|x86.Build.0 = Release|Win32
		{4488AC29-4357-42F4-91C5-CA36372BD81E}.Debug|x64.ActiveCfg = Debug|x64
		{4488AC29-4357-42F4-91C5-CA36372BD81E}.Debug|x64.Build.0 = Debug|x64
		{4488AC29-4357-42F4-91C5-CA36372BD81E}.Debug|x86.ActiveCfg = Debug|Win32
		{4488AC29-4357-42F4-91C5-CA36372BD81E}.Debug|x86.Build.0 = Debug|Win32
		{4488AC29-4357-42F4-91C5-CA36372BD81E}.Release|x64.ActiveCfg = Release|x64
		{4488AC29-4357-42F4-91C5-CA36372BD81E}.Release|x64.Build.0 = Release|x64
		{4488AC29-4357-42F4-91C5-CA36372BD81E}.Release|x86.ActiveCfg = Release|Win32
		{4488AC29-4357-42F4-91C5-CA36372BD81E}.Release|x86.Build.0 = Release|Win32
		{FC966FF4-6B1B-41CF-9715-0DF63C3307FE}.Debug|x64.ActiveCfg = Debug|x64
		{FC966FF4-6B1B-41CF-9715-0DF63C3307FE}.Debug|x64.Build.0 = Debug|x64
		{FC966FF4-6B1B-41CF-9715-0DF63C3307FE}.Debug|x86.ActiveCfg = Debug|Win32
		{FC966FF4-6B1B-41CF-9715-0DF63C3307FE}.Debug|x86.Build.0 = Debug|Win32
		{FC966FF4-6B1B-41CF-9715-0DF63C3307FE}.Release|x64.ActiveCfg = Release|x64
		{FC966FF4-6B1B-41CF-9715-0DF63C3307FE}.Release|x64.Build.0 = Release|x64
		{FC966FF4-6B1B-41CF-9715-0DF63C3307FE}.Release|x86.ActiveCfg = Release|Win32
		{FC966FF4-6B1B-41CF-9715-0DF63C3307FE}.Release|x86.Build.0 = Release|Win32
		{94C3460F-16D9-4156-A861-901C54A5A8F2}.Debug|x64.ActiveCfg = Debug|x64
		{94C3460F-16D9-4156-A861-901C54A5A8F2}.Debug|x64.Build.0 = Debug|x64
		{94C3460F-16D9-4156-A861-901C54A5A8F2}.Debug|x86.ActiveCfg = Debug|Win32
		{94C3460F-16D9-4156-A861-901C54A5A8F2}.Debug|x86.Build.0 = Debug|Win32
		{94C3460F-16D9-4156-A861-901C54A5A8F2}.Release|x64.ActiveCfg = Release|x64
		{94C3460F-16D9-4156-A861-901C54A5A8F2}.Release|x64.Build.0 = Release|x64
		{94C3460F-16D9-4156-A861-901C54A5A8F2}.Release|x86.ActiveCfg = Release|Win32
		{94C3460F-16D9-4156-A861-901C54A5A8F2}.Release|x86.Build.0 = Release|Win32
		{BC9EE3E1-27BC-4CE6-B856-53D373A9BE73}.Debug|x64.ActiveCfg = Debug|x64
		{BC9EE3E1-27BC-4CE6-B856-53D373A9BE73}.Debug|x64.Build.0 = Debug|x64
		{BC9EE3E1-27BC-4CE6-B856-53D373A9BE73}.Debug|x86.ActiveCfg = Debug|Win32
		{BC9EE3E1-27BC-4CE6-B856-53D373A9BE73}.Debug|x86.Build.0 = Debug|Win32
		{BC9EE3E1-27BC-4CE6-B856-53D373A9BE73}.Release|x64.ActiveCfg = Release|x64
		{BC9EE3E1-27BC-4CE6-B856-53D373A9BE73}.Release|x64.Build.0 = Release|x64
		{BC9EE3E1-27BC-4CE6-B856-53D373A9BE73}.Release|x86.ActiveCfg = Release|Win32
		{BC9EE3E1-27BC-4CE6-B856-53D373A9BE73}.Release|x86.Build.0 = Release|Win32
	EndGlobalSection
	GlobalSection(SolutionProperties) = preSolution
		HideSolutionNode = FALSE
	EndGlobalSection
	GlobalSection(ExtensibilityGlobals) = postSolution
		SolutionGuid = {DDB1D42F-0054-4626-B90F-5D3D1CD5F083}
	EndGlobalSection
EndGlobal
